
Microsoft Visual Studio Solution File, Format Version 12.00
# Visual Studio Version 17
VisualStudioVersion = 17.0.31903.59
MinimumVisualStudioVersion = 10.0.40219.1
Project("{9A19103F-16F7-4668-BE54-9A1E7A4F7556}") = "0001_string_literals", "0001_string_literals\0001_string_literals.csproj", "{B45B7D0E-71C0-4BB7-83AD-4D904115408B}"
EndProject
Project("{9A19103F-16F7-4668-BE54-9A1E7A4F7556}") = "0002_required_keyword", "0002_required_keyword\0002_required_keyword.csproj", "{397C0A70-A7AE-4FA8-96C4-768765CB55A8}"
EndProject
Project("{9A19103F-16F7-4668-BE54-9A1E7A4F7556}") = "0003_record_internals", "0003_record_internals\0003_record_internals.csproj", "{65E2F891-D6BF-4D44-B5F6-03BDFFC40B26}"
EndProject
Project("{9A19103F-16F7-4668-BE54-9A1E7A4F7556}") = "0005_patterns", "0005_patterns\0005_patterns.csproj", "{B8E176CE-FE90-409C-99CE-FFF0B164C706}"
EndProject
Global
	GlobalSection(SolutionConfigurationPlatforms) = preSolution
		Debug|Any CPU = Debug|Any CPU
		Release|Any CPU = Release|Any CPU
	EndGlobalSection
	GlobalSection(SolutionProperties) = preSolution
		HideSolutionNode = FALSE
	EndGlobalSection
		GlobalSection(ProjectConfigurationPlatforms) = postSolution
		{B45B7D0E-71C0-4BB7-83AD-4D904115408B}.Debug|Any CPU.ActiveCfg = Debug|Any CPU
		{B45B7D0E-71C0-4BB7-83AD-4D904115408B}.Debug|Any CPU.Build.0 = Debug|Any CPU
		{B45B7D0E-71C0-4BB7-83AD-4D904115408B}.Release|Any CPU.ActiveCfg = Release|Any CPU
		{B45B7D0E-71C0-4BB7-83AD-4D904115408B}.Release|Any CPU.Build.0 = Release|Any CPU
		{397C0A70-A7AE-4FA8-96C4-768765CB55A8}.Debug|Any CPU.ActiveCfg = Debug|Any CPU
		{397C0A70-A7AE-4FA8-96C4-768765CB55A8}.Debug|Any CPU.Build.0 = Debug|Any CPU
		{397C0A70-A7AE-4FA8-96C4-768765CB55A8}.Release|Any CPU.ActiveCfg = Release|Any CPU
		{397C0A70-A7AE-4FA8-96C4-768765CB55A8}.Release|Any CPU.Build.0 = Release|Any CPU
		{65E2F891-D6BF-4D44-B5F6-03BDFFC40B26}.Debug|Any CPU.ActiveCfg = Debug|Any CPU
		{65E2F891-D6BF-4D44-B5F6-03BDFFC40B26}.Debug|Any CPU.Build.0 = Debug|Any CPU
		{65E2F891-D6BF-4D44-B5F6-03BDFFC40B26}.Release|Any CPU.ActiveCfg = Release|Any CPU
		{65E2F891-D6BF-4D44-B5F6-03BDFFC40B26}.Release|Any CPU.Build.0 = Release|Any CPU
		{B8E176CE-FE90-409C-99CE-FFF0B164C706}.Debug|Any CPU.ActiveCfg = Debug|Any CPU
		{B8E176CE-FE90-409C-99CE-FFF0B164C706}.Debug|Any CPU.Build.0 = Debug|Any CPU
		{B8E176CE-FE90-409C-99CE-FFF0B164C706}.Release|Any CPU.ActiveCfg = Release|Any CPU
		{B8E176CE-FE90-409C-99CE-FFF0B164C706}.Release|Any CPU.Build.0 = Release|Any CPU
	EndGlobalSection
EndGlobal
